
Microsoft Visual Studio Solution File, Format Version 12.00
# Visual Studio Version 17
VisualStudioVersion = 17.0.31903.59
MinimumVisualStudioVersion = 10.0.40219.1
Project("{2150E333-8FDC-42A3-9474-1A3956D46DE8}") = "src", "src", "{62D28CF8-C78B-4CB0-B2BB-99BAFDED8366}"
EndProject
Project("{2150E333-8FDC-42A3-9474-1A3956D46DE8}") = "Core", "Core", "{A3042056-2924-43D8-B5C8-FD180B310923}"
EndProject
Project("{FAE04EC0-301F-11D3-BF4B-00C04F79EFBC}") = "DataTransfertObjects", "src\Core\DataTransfertObjects\DataTransfertObjects.csproj", "{D567B9F8-E27D-4F57-8AF5-3F05695F18B9}"
EndProject
Project("{FAE04EC0-301F-11D3-BF4B-00C04F79EFBC}") = "Domain", "src\Core\Domain\Domain.csproj", "{4AC1B07A-2D83-480B-9A75-86EC2B0CE7B6}"
EndProject
Project("{FAE04EC0-301F-11D3-BF4B-00C04F79EFBC}") = "Services", "src\Core\Services\Services.csproj", "{506457B7-8A91-41DB-ABDF-61A93990255B}"
EndProject
Project("{FAE04EC0-301F-11D3-BF4B-00C04F79EFBC}") = "Services.Abstractions", "src\Core\Services.Abstractions\Services.Abstractions.csproj", "{8CEB1509-DA5F-469E-8D93-88A08A8B522D}"
EndProject
Project("{2150E333-8FDC-42A3-9474-1A3956D46DE8}") = "Infrastructure", "Infrastructure", "{E151BA6C-9E9A-4F8D-9276-71CE65DF43F8}"
EndProject
Project("{FAE04EC0-301F-11D3-BF4B-00C04F79EFBC}") = "Persistence", "src\Infrastructure\Persistence\Persistence.csproj", "{2AB0C588-48F2-445C-9BAE-3BD7A25E02AD}"
EndProject
Project("{2150E333-8FDC-42A3-9474-1A3956D46DE8}") = "Presentation", "Presentation", "{1656ABD7-A947-47A4-AA22-AABA50878BF8}"
EndProject
Project("{FAE04EC0-301F-11D3-BF4B-00C04F79EFBC}") = "WebApi", "src\Presentation\WebApi\WebApi.csproj", "{EF85FBF7-D6E3-4F89-B0EE-8B47A0741918}"
EndProject
Project("{2150E333-8FDC-42A3-9474-1A3956D46DE8}") = "test", "test", "{A2177115-3D30-4248-B866-2C7EF06E9641}"
EndProject
Project("{FAE04EC0-301F-11D3-BF4B-00C04F79EFBC}") = "Persistence.Test", "test\Persistence.Test\Persistence.Test.csproj", "{19CA2860-012D-4F9D-B167-EE07BD6491A8}"
EndProject
Project("{FAE04EC0-301F-11D3-BF4B-00C04F79EFBC}") = "Services.Test", "test\Services.Test\Services.Test.csproj", "{77348C48-E077-4A73-829D-6583B8AEE880}"
EndProject
Project("{FAE04EC0-301F-11D3-BF4B-00C04F79EFBC}") = "WebApi.IntegrationTests", "test\WebApi.IntegrationTests\WebApi.IntegrationTests.csproj", "{99DCD5DA-6402-46C7-B58B-2A2098281DEF}"
EndProject
Global
	GlobalSection(SolutionConfigurationPlatforms) = preSolution
		Debug|Any CPU = Debug|Any CPU
		Release|Any CPU = Release|Any CPU
	EndGlobalSection
	GlobalSection(SolutionProperties) = preSolution
		HideSolutionNode = FALSE
	EndGlobalSection
	GlobalSection(ProjectConfigurationPlatforms) = postSolution
		{D567B9F8-E27D-4F57-8AF5-3F05695F18B9}.Debug|Any CPU.ActiveCfg = Debug|Any CPU
		{D567B9F8-E27D-4F57-8AF5-3F05695F18B9}.Debug|Any CPU.Build.0 = Debug|Any CPU
		{D567B9F8-E27D-4F57-8AF5-3F05695F18B9}.Release|Any CPU.ActiveCfg = Release|Any CPU
		{D567B9F8-E27D-4F57-8AF5-3F05695F18B9}.Release|Any CPU.Build.0 = Release|Any CPU
		{4AC1B07A-2D83-480B-9A75-86EC2B0CE7B6}.Debug|Any CPU.ActiveCfg = Debug|Any CPU
		{4AC1B07A-2D83-480B-9A75-86EC2B0CE7B6}.Debug|Any CPU.Build.0 = Debug|Any CPU
		{4AC1B07A-2D83-480B-9A75-86EC2B0CE7B6}.Release|Any CPU.ActiveCfg = Release|Any CPU
		{4AC1B07A-2D83-480B-9A75-86EC2B0CE7B6}.Release|Any CPU.Build.0 = Release|Any CPU
		{506457B7-8A91-41DB-ABDF-61A93990255B}.Debug|Any CPU.ActiveCfg = Debug|Any CPU
		{506457B7-8A91-41DB-ABDF-61A93990255B}.Debug|Any CPU.Build.0 = Debug|Any CPU
		{506457B7-8A91-41DB-ABDF-61A93990255B}.Release|Any CPU.ActiveCfg = Release|Any CPU
		{506457B7-8A91-41DB-ABDF-61A93990255B}.Release|Any CPU.Build.0 = Release|Any CPU
		{8CEB1509-DA5F-469E-8D93-88A08A8B522D}.Debug|Any CPU.ActiveCfg = Debug|Any CPU
		{8CEB1509-DA5F-469E-8D93-88A08A8B522D}.Debug|Any CPU.Build.0 = Debug|Any CPU
		{8CEB1509-DA5F-469E-8D93-88A08A8B522D}.Release|Any CPU.ActiveCfg = Release|Any CPU
		{8CEB1509-DA5F-469E-8D93-88A08A8B522D}.Release|Any CPU.Build.0 = Release|Any CPU
		{2AB0C588-48F2-445C-9BAE-3BD7A25E02AD}.Debug|Any CPU.ActiveCfg = Debug|Any CPU
		{2AB0C588-48F2-445C-9BAE-3BD7A25E02AD}.Debug|Any CPU.Build.0 = Debug|Any CPU
		{2AB0C588-48F2-445C-9BAE-3BD7A25E02AD}.Release|Any CPU.ActiveCfg = Release|Any CPU
		{2AB0C588-48F2-445C-9BAE-3BD7A25E02AD}.Release|Any CPU.Build.0 = Release|Any CPU
		{EF85FBF7-D6E3-4F89-B0EE-8B47A0741918}.Debug|Any CPU.ActiveCfg = Debug|Any CPU
		{EF85FBF7-D6E3-4F89-B0EE-8B47A0741918}.Debug|Any CPU.Build.0 = Debug|Any CPU
		{EF85FBF7-D6E3-4F89-B0EE-8B47A0741918}.Release|Any CPU.ActiveCfg = Release|Any CPU
		{EF85FBF7-D6E3-4F89-B0EE-8B47A0741918}.Release|Any CPU.Build.0 = Release|Any CPU
		{19CA2860-012D-4F9D-B167-EE07BD6491A8}.Debug|Any CPU.ActiveCfg = Debug|Any CPU
		{19CA2860-012D-4F9D-B167-EE07BD6491A8}.Debug|Any CPU.Build.0 = Debug|Any CPU
		{19CA2860-012D-4F9D-B167-EE07BD6491A8}.Release|Any CPU.ActiveCfg = Release|Any CPU
		{19CA2860-012D-4F9D-B167-EE07BD6491A8}.Release|Any CPU.Build.0 = Release|Any CPU
		{77348C48-E077-4A73-829D-6583B8AEE880}.Debug|Any CPU.ActiveCfg = Debug|Any CPU
		{77348C48-E077-4A73-829D-6583B8AEE880}.Debug|Any CPU.Build.0 = Debug|Any CPU
		{77348C48-E077-4A73-829D-6583B8AEE880}.Release|Any CPU.ActiveCfg = Release|Any CPU
		{77348C48-E077-4A73-829D-6583B8AEE880}.Release|Any CPU.Build.0 = Release|Any CPU
		{99DCD5DA-6402-46C7-B58B-2A2098281DEF}.Debug|Any CPU.ActiveCfg = Debug|Any CPU
		{99DCD5DA-6402-46C7-B58B-2A2098281DEF}.Debug|Any CPU.Build.0 = Debug|Any CPU
		{99DCD5DA-6402-46C7-B58B-2A2098281DEF}.Release|Any CPU.ActiveCfg = Release|Any CPU
		{99DCD5DA-6402-46C7-B58B-2A2098281DEF}.Release|Any CPU.Build.0 = Release|Any CPU
	EndGlobalSection
	GlobalSection(NestedProjects) = preSolution
		{A3042056-2924-43D8-B5C8-FD180B310923} = {62D28CF8-C78B-4CB0-B2BB-99BAFDED8366}
		{D567B9F8-E27D-4F57-8AF5-3F05695F18B9} = {A3042056-2924-43D8-B5C8-FD180B310923}
		{4AC1B07A-2D83-480B-9A75-86EC2B0CE7B6} = {A3042056-2924-43D8-B5C8-FD180B310923}
		{506457B7-8A91-41DB-ABDF-61A93990255B} = {A3042056-2924-43D8-B5C8-FD180B310923}
		{8CEB1509-DA5F-469E-8D93-88A08A8B522D} = {A3042056-2924-43D8-B5C8-FD180B310923}
		{E151BA6C-9E9A-4F8D-9276-71CE65DF43F8} = {62D28CF8-C78B-4CB0-B2BB-99BAFDED8366}
		{2AB0C588-48F2-445C-9BAE-3BD7A25E02AD} = {E151BA6C-9E9A-4F8D-9276-71CE65DF43F8}
		{1656ABD7-A947-47A4-AA22-AABA50878BF8} = {62D28CF8-C78B-4CB0-B2BB-99BAFDED8366}
		{EF85FBF7-D6E3-4F89-B0EE-8B47A0741918} = {1656ABD7-A947-47A4-AA22-AABA50878BF8}
		{19CA2860-012D-4F9D-B167-EE07BD6491A8} = {A2177115-3D30-4248-B866-2C7EF06E9641}
		{77348C48-E077-4A73-829D-6583B8AEE880} = {A2177115-3D30-4248-B866-2C7EF06E9641}
		{99DCD5DA-6402-46C7-B58B-2A2098281DEF} = {A2177115-3D30-4248-B866-2C7EF06E9641}
	EndGlobalSection
EndGlobal
